PODS:
  - SquareMosaicLayout (0.3.2)

DEPENDENCIES:
  - SquareMosaicLayout (from `../`)

EXTERNAL SOURCES:
  SquareMosaicLayout:
    :path: ../

SPEC CHECKSUMS:
  SquareMosaicLayout: f76bdaad6f486d149976893fc8f9e037db6568a5

PODFILE CHECKSUM: fb47f6f095c4ae8bfd6b40599d0ca1aa331274c9

COCOAPODS: 1.2.0
