PODS:
  - SquareMosaicLayout (0.3.5)

DEPENDENCIES:
  - SquareMosaicLayout (from `../`)

EXTERNAL SOURCES:
  SquareMosaicLayout:
    :path: ../

SPEC CHECKSUMS:
  SquareMosaicLayout: 5f79255c9c5fd0692184ca2e0e566a1862077872

PODFILE CHECKSUM: fb47f6f095c4ae8bfd6b40599d0ca1aa331274c9

COCOAPODS: 1.2.0
