PODS:
  - SquareMosaicLayout (0.6.0)

DEPENDENCIES:
  - SquareMosaicLayout (from `../`)

EXTERNAL SOURCES:
  SquareMosaicLayout:
    :path: "../"

SPEC CHECKSUMS:
  SquareMosaicLayout: e3f286ca492b9a5b4a300b88536756301f2c3ec6

PODFILE CHECKSUM: fb47f6f095c4ae8bfd6b40599d0ca1aa331274c9

COCOAPODS: 1.2.0
