// !$*UTF8*$!
{
	archiveVersion = 1;
	classes = {
	};
	objectVersion = 46;
	objects = {

/* Begin PBXBuildFile section */
		607FACD61AFB9204008FA782 /* AppDelegate.swift in Sources */ = {isa = PBXBuildFile; fileRef = 607FACD51AFB9204008FA782 /* AppDelegate.swift */; };
		607FACD81AFB9204008FA782 /* ViewController.swift in Sources */ = {isa = PBXBuildFile; fileRef = 607FACD71AFB9204008FA782 /* ViewController.swift */; };
		7A43DFAD1E19740B00ADA267 /* SquareMosaicLayoutPatterns.swift in Sources */ = {isa = PBXBuildFile; fileRef = 7A43DFAC1E19740B00ADA267 /* SquareMosaicLayoutPatterns.swift */; };
		7A478CED1E1560FE00F52C72 /* Default-568h@2x.png in Resources */ = {isa = PBXBuildFile; fileRef = 7A478CEC1E1560FE00F52C72 /* Default-568h@2x.png */; };
		7A4EB21B1E18D7F90077F819 /* rsz_1.png in Resources */ = {isa = PBXBuildFile; fileRef = 7A4EB21A1E18D7F90077F819 /* rsz_1.png */; };
		7A4EB21D1E18DACE0077F819 /* rsz_12.png in Resources */ = {isa = PBXBuildFile; fileRef = 7A4EB21C1E18DACE0077F819 /* rsz_12.png */; };
		7A4EB21F1E18DC8C0077F819 /* rsz_3.png in Resources */ = {isa = PBXBuildFile; fileRef = 7A4EB21E1E18DC8C0077F819 /* rsz_3.png */; };
		7A6D9F471E6880BE009C368D /* scirocco_0.jpeg in Resources */ = {isa = PBXBuildFile; fileRef = 7A6D9F3F1E6880BE009C368D /* scirocco_0.jpeg */; };
		7A6D9F481E6880BE009C368D /* scirocco_1.jpeg in Resources */ = {isa = PBXBuildFile; fileRef = 7A6D9F401E6880BE009C368D /* scirocco_1.jpeg */; };
		7A6D9F491E6880BE009C368D /* scirocco_2.jpeg in Resources */ = {isa = PBXBuildFile; fileRef = 7A6D9F411E6880BE009C368D /* scirocco_2.jpeg */; };
		7A6D9F4A1E6880BE009C368D /* scirocco_3.jpeg in Resources */ = {isa = PBXBuildFile; fileRef = 7A6D9F421E6880BE009C368D /* scirocco_3.jpeg */; };
		7A6D9F4B1E6880BE009C368D /* scirocco_4.jpeg in Resources */ = {isa = PBXBuildFile; fileRef = 7A6D9F431E6880BE009C368D /* scirocco_4.jpeg */; };
		7A6D9F4C1E6880BE009C368D /* scirocco_5.jpeg in Resources */ = {isa = PBXBuildFile; fileRef = 7A6D9F441E6880BE009C368D /* scirocco_5.jpeg */; };
		7A8322AD1E84234B00A5D6B8 /* TRMosaicLayoutController.swift in Sources */ = {isa = PBXBuildFile; fileRef = 7A8322AC1E84234B00A5D6B8 /* TRMosaicLayoutController.swift */; };
		7A8322B01E84296400A5D6B8 /* FMMosaicLayoutController.swift in Sources */ = {isa = PBXBuildFile; fileRef = 7A8322AF1E84296400A5D6B8 /* FMMosaicLayoutController.swift */; };
		7AB174731EEABDEF0000280F /* Hungcao.swift in Sources */ = {isa = PBXBuildFile; fileRef = 7AB174721EEABDEF0000280F /* Hungcao.swift */; };
		7AEC36CD1E686EF800B11356 /* UICollectionView+Extensions.swift in Sources */ = {isa = PBXBuildFile; fileRef = 7AEC36CC1E686EF800B11356 /* UICollectionView+Extensions.swift */; };
		7AEC36D11E68716A00B11356 /* DecorationView.swift in Sources */ = {isa = PBXBuildFile; fileRef = 7AEC36D01E68716A00B11356 /* DecorationView.swift */; };
		7AEC36D31E68765400B11356 /* SupplementaryView.swift in Sources */ = {isa = PBXBuildFile; fileRef = 7AEC36D21E68765400B11356 /* SupplementaryView.swift */; };
		7AEC36DD1E6879B400B11356 /* golf_0.jpeg in Resources */ = {isa = PBXBuildFile; fileRef = 7AEC36D51E6879B400B11356 /* golf_0.jpeg */; };
		7AEC36DE1E6879B400B11356 /* golf_2.jpeg in Resources */ = {isa = PBXBuildFile; fileRef = 7AEC36D61E6879B400B11356 /* golf_2.jpeg */; };
		7AEC36DF1E6879B400B11356 /* golf_1.jpeg in Resources */ = {isa = PBXBuildFile; fileRef = 7AEC36D71E6879B400B11356 /* golf_1.jpeg */; };
		7AEC36E01E6879B400B11356 /* golf_3.jpeg in Resources */ = {isa = PBXBuildFile; fileRef = 7AEC36D81E6879B400B11356 /* golf_3.jpeg */; };
		7AEC36E21E6879B400B11356 /* golf_5.jpeg in Resources */ = {isa = PBXBuildFile; fileRef = 7AEC36DA1E6879B400B11356 /* golf_5.jpeg */; };
		7AEC36E71E687A4F00B11356 /* golf_4.jpeg in Resources */ = {isa = PBXBuildFile; fileRef = 7AEC36E61E687A4F00B11356 /* golf_4.jpeg */; };
		7AEC36E91E687A5F00B11356 /* CellView.swift in Sources */ = {isa = PBXBuildFile; fileRef = 7AEC36E81E687A5F00B11356 /* CellView.swift */; };
		8F0B5A5BCB5E2DB53E891271 /* Pods_SquareMosaicLayout_Example.framework in Frameworks */ = {isa = PBXBuildFile; fileRef = A1F382318EEA77CD3B2193CA /* Pods_SquareMosaicLayout_Example.framework */; };
/* End PBXBuildFile section */

/* Begin PBXFileReference section */
		607FACD01AFB9204008FA782 /* SquareMosaicLayout_Example.app */ = {isa = PBXFileReference; explicitFileType = wrapper.application; includeInIndex = 0; path = SquareMosaicLayout_Example.app; sourceTree = BUILT_PRODUCTS_DIR; };
		607FACD41AFB9204008FA782 /* Info.plist */ = {isa = PBXFileReference; lastKnownFileType = text.plist.xml; path = Info.plist; sourceTree = "<group>"; };
		607FACD51AFB9204008FA782 /* AppDelegate.swift */ = {isa = PBXFileReference; lastKnownFileType = sourcecode.swift; path = AppDelegate.swift; sourceTree = "<group>"; };
		607FACD71AFB9204008FA782 /* ViewController.swift */ = {isa = PBXFileReference; lastKnownFileType = sourcecode.swift; path = ViewController.swift; sourceTree = "<group>"; };
		7A43DFAC1E19740B00ADA267 /* SquareMosaicLayoutPatterns.swift */ = {isa = PBXFileReference; fileEncoding = 4; lastKnownFileType = sourcecode.swift; path = SquareMosaicLayoutPatterns.swift; sourceTree = "<group>"; };
		7A478CEC1E1560FE00F52C72 /* Default-568h@2x.png */ = {isa = PBXFileReference; lastKnownFileType = image.png; path = "Default-568h@2x.png"; sourceTree = "<group>"; };
		7A4EB21A1E18D7F90077F819 /* rsz_1.png */ = {isa = PBXFileReference; lastKnownFileType = image.png; path = rsz_1.png; sourceTree = "<group>"; };
		7A4EB21C1E18DACE0077F819 /* rsz_12.png */ = {isa = PBXFileReference; lastKnownFileType = image.png; path = rsz_12.png; sourceTree = "<group>"; };
		7A4EB21E1E18DC8C0077F819 /* rsz_3.png */ = {isa = PBXFileReference; lastKnownFileType = image.png; path = rsz_3.png; sourceTree = "<group>"; };
		7A6D9F3F1E6880BE009C368D /* scirocco_0.jpeg */ = {isa = PBXFileReference; lastKnownFileType = image.jpeg; path = scirocco_0.jpeg; sourceTree = "<group>"; };
		7A6D9F401E6880BE009C368D /* scirocco_1.jpeg */ = {isa = PBXFileReference; lastKnownFileType = image.jpeg; path = scirocco_1.jpeg; sourceTree = "<group>"; };
		7A6D9F411E6880BE009C368D /* scirocco_2.jpeg */ = {isa = PBXFileReference; lastKnownFileType = image.jpeg; path = scirocco_2.jpeg; sourceTree = "<group>"; };
		7A6D9F421E6880BE009C368D /* scirocco_3.jpeg */ = {isa = PBXFileReference; lastKnownFileType = image.jpeg; path = scirocco_3.jpeg; sourceTree = "<group>"; };
		7A6D9F431E6880BE009C368D /* scirocco_4.jpeg */ = {isa = PBXFileReference; lastKnownFileType = image.jpeg; path = scirocco_4.jpeg; sourceTree = "<group>"; };
		7A6D9F441E6880BE009C368D /* scirocco_5.jpeg */ = {isa = PBXFileReference; lastKnownFileType = image.jpeg; path = scirocco_5.jpeg; sourceTree = "<group>"; };
		7A8322AC1E84234B00A5D6B8 /* TRMosaicLayoutController.swift */ = {isa = PBXFileReference; fileEncoding = 4; lastKnownFileType = sourcecode.swift; path = TRMosaicLayoutController.swift; sourceTree = "<group>"; };
		7A8322AF1E84296400A5D6B8 /* FMMosaicLayoutController.swift */ = {isa = PBXFileReference; fileEncoding = 4; lastKnownFileType = sourcecode.swift; path = FMMosaicLayoutController.swift; sourceTree = "<group>"; };
		7AB174721EEABDEF0000280F /* Hungcao.swift */ = {isa = PBXFileReference; fileEncoding = 4; lastKnownFileType = sourcecode.swift; path = Hungcao.swift; sourceTree = "<group>"; };
		7AEC36CC1E686EF800B11356 /* UICollectionView+Extensions.swift */ = {isa = PBXFileReference; fileEncoding = 4; lastKnownFileType = sourcecode.swift; path = "UICollectionView+Extensions.swift"; sourceTree = "<group>"; };
		7AEC36D01E68716A00B11356 /* DecorationView.swift */ = {isa = PBXFileReference; fileEncoding = 4; lastKnownFileType = sourcecode.swift; path = DecorationView.swift; sourceTree = "<group>"; };
		7AEC36D21E68765400B11356 /* SupplementaryView.swift */ = {isa = PBXFileReference; fileEncoding = 4; lastKnownFileType = sourcecode.swift; path = SupplementaryView.swift; sourceTree = "<group>"; };
		7AEC36D51E6879B400B11356 /* golf_0.jpeg */ = {isa = PBXFileReference; lastKnownFileType = image.jpeg; path = golf_0.jpeg; sourceTree = "<group>"; };
		7AEC36D61E6879B400B11356 /* golf_2.jpeg */ = {isa = PBXFileReference; lastKnownFileType = image.jpeg; path = golf_2.jpeg; sourceTree = "<group>"; };
		7AEC36D71E6879B400B11356 /* golf_1.jpeg */ = {isa = PBXFileReference; lastKnownFileType = image.jpeg; path = golf_1.jpeg; sourceTree = "<group>"; };
		7AEC36D81E6879B400B11356 /* golf_3.jpeg */ = {isa = PBXFileReference; lastKnownFileType = image.jpeg; path = golf_3.jpeg; sourceTree = "<group>"; };
		7AEC36DA1E6879B400B11356 /* golf_5.jpeg */ = {isa = PBXFileReference; lastKnownFileType = image.jpeg; path = golf_5.jpeg; sourceTree = "<group>"; };
		7AEC36E61E687A4F00B11356 /* golf_4.jpeg */ = {isa = PBXFileReference; lastKnownFileType = image.jpeg; path = golf_4.jpeg; sourceTree = "<group>"; };
		7AEC36E81E687A5F00B11356 /* CellView.swift */ = {isa = PBXFileReference; fileEncoding = 4; lastKnownFileType = sourcecode.swift; path = CellView.swift; sourceTree = "<group>"; };
		85C8CBE1A7D6C9894878C8EF /* SquareMosaicLayout.podspec */ = {isa = PBXFileReference; includeInIndex = 1; lastKnownFileType = text; name = SquareMosaicLayout.podspec; path = ../SquareMosaicLayout.podspec; sourceTree = "<group>"; xcLanguageSpecificationIdentifier = xcode.lang.ruby; };
		9BD6C3045D8325B8D869529A /* Pods-SquareMosaicLayout_Example.release.xcconfig */ = {isa = PBXFileReference; includeInIndex = 1; lastKnownFileType = text.xcconfig; name = "Pods-SquareMosaicLayout_Example.release.xcconfig"; path = "Pods/Target Support Files/Pods-SquareMosaicLayout_Example/Pods-SquareMosaicLayout_Example.release.xcconfig"; sourceTree = "<group>"; };
		A1F382318EEA77CD3B2193CA /* Pods_SquareMosaicLayout_Example.framework */ = {isa = PBXFileReference; explicitFileType = wrapper.framework; includeInIndex = 0; path = Pods_SquareMosaicLayout_Example.framework; sourceTree = BUILT_PRODUCTS_DIR; };
		B21E9ED64D9F3C18E1DDEF88 /* Pods_SquareMosaicLayout_Tests.framework */ = {isa = PBXFileReference; explicitFileType = wrapper.framework; includeInIndex = 0; path = Pods_SquareMosaicLayout_Tests.framework; sourceTree = BUILT_PRODUCTS_DIR; };
		C12B7CBE2D15DCBE0D35E126 /* LICENSE */ = {isa = PBXFileReference; includeInIndex = 1; lastKnownFileType = text; name = LICENSE; path = ../LICENSE; sourceTree = "<group>"; };
		DA182A60400C96148F6947B4 /* README.md */ = {isa = PBXFileReference; includeInIndex = 1; lastKnownFileType = net.daringfireball.markdown; name = README.md; path = ../README.md; sourceTree = "<group>"; };
		DE1CDE085D9E5FAFACDC86D6 /* Pods-SquareMosaicLayout_Example.debug.xcconfig */ = {isa = PBXFileReference; includeInIndex = 1; lastKnownFileType = text.xcconfig; name = "Pods-SquareMosaicLayout_Example.debug.xcconfig"; path = "Pods/Target Support Files/Pods-SquareMosaicLayout_Example/Pods-SquareMosaicLayout_Example.debug.xcconfig"; sourceTree = "<group>"; };
/* End PBXFileReference section */

/* Begin PBXFrameworksBuildPhase section */
		607FACCD1AFB9204008FA782 /* Frameworks */ = {
			isa = PBXFrameworksBuildPhase;
			buildActionMask = 2147483647;
			files = (
				8F0B5A5BCB5E2DB53E891271 /* Pods_SquareMosaicLayout_Example.framework in Frameworks */,
			);
			runOnlyForDeploymentPostprocessing = 0;
		};
/* End PBXFrameworksBuildPhase section */

/* Begin PBXGroup section */
		607FACC71AFB9204008FA782 = {
			isa = PBXGroup;
			children = (
				7A478CEC1E1560FE00F52C72 /* Default-568h@2x.png */,
				607FACF51AFB993E008FA782 /* Podspec Metadata */,
				607FACD21AFB9204008FA782 /* Example for SquareMosaicLayout */,
				607FACD11AFB9204008FA782 /* Products */,
				88C2FB221F4A309FF8075F04 /* Pods */,
				6D6766C0AB7F259F732EDD97 /* Frameworks */,
			);
			sourceTree = "<group>";
		};
		607FACD11AFB9204008FA782 /* Products */ = {
			isa = PBXGroup;
			children = (
				607FACD01AFB9204008FA782 /* SquareMosaicLayout_Example.app */,
			);
			name = Products;
			sourceTree = "<group>";
		};
		607FACD21AFB9204008FA782 /* Example for SquareMosaicLayout */ = {
			isa = PBXGroup;
			children = (
				607FACD51AFB9204008FA782 /* AppDelegate.swift */,
				7AB174711EEABDDE0000280F /* Hungcao */,
				7A8322AE1E84295600A5D6B8 /* FMMosaicLayout */,
				7A8322AB1E84231100A5D6B8 /* TRMosaicLayout */,
				7A8322AA1E8422F500A5D6B8 /* View Controller */,
				607FACD31AFB9204008FA782 /* Supporting Files */,
			);
			name = "Example for SquareMosaicLayout";
			path = SquareMosaicLayout;
			sourceTree = "<group>";
		};
		607FACD31AFB9204008FA782 /* Supporting Files */ = {
			isa = PBXGroup;
			children = (
				607FACD41AFB9204008FA782 /* Info.plist */,
				7A4EB21A1E18D7F90077F819 /* rsz_1.png */,
				7A4EB21E1E18DC8C0077F819 /* rsz_3.png */,
				7A4EB21C1E18DACE0077F819 /* rsz_12.png */,
			);
			name = "Supporting Files";
			sourceTree = "<group>";
		};
		607FACF51AFB993E008FA782 /* Podspec Metadata */ = {
			isa = PBXGroup;
			children = (
				85C8CBE1A7D6C9894878C8EF /* SquareMosaicLayout.podspec */,
				DA182A60400C96148F6947B4 /* README.md */,
				C12B7CBE2D15DCBE0D35E126 /* LICENSE */,
			);
			name = "Podspec Metadata";
			sourceTree = "<group>";
		};
		6D6766C0AB7F259F732EDD97 /* Frameworks */ = {
			isa = PBXGroup;
			children = (
				A1F382318EEA77CD3B2193CA /* Pods_SquareMosaicLayout_Example.framework */,
				B21E9ED64D9F3C18E1DDEF88 /* Pods_SquareMosaicLayout_Tests.framework */,
			);
			name = Frameworks;
			sourceTree = "<group>";
		};
		7A47BD4C1E69682C0054AF61 /* Extensions */ = {
			isa = PBXGroup;
			children = (
				7AEC36CC1E686EF800B11356 /* UICollectionView+Extensions.swift */,
			);
			name = Extensions;
			sourceTree = "<group>";
		};
		7A47BD4D1E6968330054AF61 /* Patterns */ = {
			isa = PBXGroup;
			children = (
				7A43DFAC1E19740B00ADA267 /* SquareMosaicLayoutPatterns.swift */,
			);
			name = Patterns;
			sourceTree = "<group>";
		};
		7A6D9F391E687B25009C368D /* Cell */ = {
			isa = PBXGroup;
			children = (
				7AEC36E81E687A5F00B11356 /* CellView.swift */,
			);
			name = Cell;
			sourceTree = "<group>";
		};
		7A6D9F3A1E687B2B009C368D /* Supplementary */ = {
			isa = PBXGroup;
			children = (
				7AEC36D21E68765400B11356 /* SupplementaryView.swift */,
			);
			name = Supplementary;
			sourceTree = "<group>";
		};
		7A6D9F3B1E687B6A009C368D /* Decoration */ = {
			isa = PBXGroup;
			children = (
				7AEC36D01E68716A00B11356 /* DecorationView.swift */,
			);
			name = Decoration;
			sourceTree = "<group>";
		};
		7A6D9F3C1E687B74009C368D /* Images */ = {
			isa = PBXGroup;
			children = (
				7AEC36E51E6879BA00B11356 /* Golf */,
				7A6D9F3E1E6880B5009C368D /* Scirocco */,
			);
			name = Images;
			sourceTree = "<group>";
		};
		7A6D9F3D1E687B79009C368D /* Views */ = {
			isa = PBXGroup;
			children = (
				7A6D9F391E687B25009C368D /* Cell */,
				7A6D9F3B1E687B6A009C368D /* Decoration */,
				7A6D9F3A1E687B2B009C368D /* Supplementary */,
			);
			name = Views;
			sourceTree = "<group>";
		};
		7A6D9F3E1E6880B5009C368D /* Scirocco */ = {
			isa = PBXGroup;
			children = (
				7A6D9F3F1E6880BE009C368D /* scirocco_0.jpeg */,
				7A6D9F401E6880BE009C368D /* scirocco_1.jpeg */,
				7A6D9F411E6880BE009C368D /* scirocco_2.jpeg */,
				7A6D9F421E6880BE009C368D /* scirocco_3.jpeg */,
				7A6D9F431E6880BE009C368D /* scirocco_4.jpeg */,
				7A6D9F441E6880BE009C368D /* scirocco_5.jpeg */,
			);
			name = Scirocco;
			sourceTree = "<group>";
		};
		7A8322AA1E8422F500A5D6B8 /* View Controller */ = {
			isa = PBXGroup;
			children = (
				7AEC36D41E6879A300B11356 /* Controller */,
				7A47BD4C1E69682C0054AF61 /* Extensions */,
				7A47BD4D1E6968330054AF61 /* Patterns */,
			);
			name = "View Controller";
			sourceTree = "<group>";
		};
		7A8322AB1E84231100A5D6B8 /* TRMosaicLayout */ = {
			isa = PBXGroup;
			children = (
				7A8322AC1E84234B00A5D6B8 /* TRMosaicLayoutController.swift */,
			);
			name = TRMosaicLayout;
			sourceTree = "<group>";
		};
		7A8322AE1E84295600A5D6B8 /* FMMosaicLayout */ = {
			isa = PBXGroup;
			children = (
				7A8322AF1E84296400A5D6B8 /* FMMosaicLayoutController.swift */,
			);
			name = FMMosaicLayout;
			sourceTree = "<group>";
		};
		7AB174711EEABDDE0000280F /* Hungcao */ = {
			isa = PBXGroup;
			children = (
				7AB174721EEABDEF0000280F /* Hungcao.swift */,
			);
			name = Hungcao;
			sourceTree = "<group>";
		};
		7AEC36D41E6879A300B11356 /* Controller */ = {
			isa = PBXGroup;
			children = (
				607FACD71AFB9204008FA782 /* ViewController.swift */,
				7A6D9F3C1E687B74009C368D /* Images */,
				7A6D9F3D1E687B79009C368D /* Views */,
			);
			name = Controller;
			sourceTree = "<group>";
		};
		7AEC36E51E6879BA00B11356 /* Golf */ = {
			isa = PBXGroup;
			children = (
				7AEC36D51E6879B400B11356 /* golf_0.jpeg */,
				7AEC36D71E6879B400B11356 /* golf_1.jpeg */,
				7AEC36D61E6879B400B11356 /* golf_2.jpeg */,
				7AEC36D81E6879B400B11356 /* golf_3.jpeg */,
				7AEC36E61E687A4F00B11356 /* golf_4.jpeg */,
				7AEC36DA1E6879B400B11356 /* golf_5.jpeg */,
			);
			name = Golf;
			sourceTree = "<group>";
		};
		88C2FB221F4A309FF8075F04 /* Pods */ = {
			isa = PBXGroup;
			children = (
				DE1CDE085D9E5FAFACDC86D6 /* Pods-SquareMosaicLayout_Example.debug.xcconfig */,
				9BD6C3045D8325B8D869529A /* Pods-SquareMosaicLayout_Example.release.xcconfig */,
			);
			name = Pods;
			sourceTree = "<group>";
		};
/* End PBXGroup section */

/* Begin PBXNativeTarget section */
		607FACCF1AFB9204008FA782 /* SquareMosaicLayout_Example */ = {
			isa = PBXNativeTarget;
			buildConfigurationList = 607FACEF1AFB9204008FA782 /* Build configuration list for PBXNativeTarget "SquareMosaicLayout_Example" */;
			buildPhases = (
				6793290946A73B01C474622F /* [CP] Check Pods Manifest.lock */,
				607FACCC1AFB9204008FA782 /* Sources */,
				607FACCD1AFB9204008FA782 /* Frameworks */,
				607FACCE1AFB9204008FA782 /* Resources */,
				DA304A5E2A85C8F84A6D7B80 /* [CP] Embed Pods Frameworks */,
			);
			buildRules = (
			);
			dependencies = (
			);
			name = SquareMosaicLayout_Example;
			productName = SquareMosaicLayout;
			productReference = 607FACD01AFB9204008FA782 /* SquareMosaicLayout_Example.app */;
			productType = "com.apple.product-type.application";
		};
/* End PBXNativeTarget section */

/* Begin PBXProject section */
		607FACC81AFB9204008FA782 /* Project object */ = {
			isa = PBXProject;
			attributes = {
				LastSwiftUpdateCheck = 0820;
				LastUpgradeCheck = 0900;
				ORGANIZATIONNAME = CocoaPods;
				TargetAttributes = {
					607FACCF1AFB9204008FA782 = {
						CreatedOnToolsVersion = 6.3.1;
						DevelopmentTeam = E9VNW4TD6Q;
						LastSwiftMigration = 0900;
					};
				};
			};
			buildConfigurationList = 607FACCB1AFB9204008FA782 /* Build configuration list for PBXProject "SquareMosaicLayout" */;
			compatibilityVersion = "Xcode 3.2";
			developmentRegion = English;
			hasScannedForEncodings = 0;
			knownRegions = (
				en,
			);
			mainGroup = 607FACC71AFB9204008FA782;
			productRefGroup = 607FACD11AFB9204008FA782 /* Products */;
			projectDirPath = "";
			projectRoot = "";
			targets = (
				607FACCF1AFB9204008FA782 /* SquareMosaicLayout_Example */,
			);
		};
/* End PBXProject section */

/* Begin PBXResourcesBuildPhase section */
		607FACCE1AFB9204008FA782 /* Resources */ = {
			isa = PBXResourcesBuildPhase;
			buildActionMask = 2147483647;
			files = (
				7A4EB21B1E18D7F90077F819 /* rsz_1.png in Resources */,
				7A6D9F4B1E6880BE009C368D /* scirocco_4.jpeg in Resources */,
				7AEC36E01E6879B400B11356 /* golf_3.jpeg in Resources */,
				7AEC36DE1E6879B400B11356 /* golf_2.jpeg in Resources */,
				7A4EB21F1E18DC8C0077F819 /* rsz_3.png in Resources */,
				7A6D9F491E6880BE009C368D /* scirocco_2.jpeg in Resources */,
				7AEC36DF1E6879B400B11356 /* golf_1.jpeg in Resources */,
				7A4EB21D1E18DACE0077F819 /* rsz_12.png in Resources */,
				7A6D9F4A1E6880BE009C368D /* scirocco_3.jpeg in Resources */,
				7A6D9F4C1E6880BE009C368D /* scirocco_5.jpeg in Resources */,
				7A478CED1E1560FE00F52C72 /* Default-568h@2x.png in Resources */,
				7A6D9F471E6880BE009C368D /* scirocco_0.jpeg in Resources */,
				7AEC36DD1E6879B400B11356 /* golf_0.jpeg in Resources */,
				7AEC36E21E6879B400B11356 /* golf_5.jpeg in Resources */,
				7A6D9F481E6880BE009C368D /* scirocco_1.jpeg in Resources */,
				7AEC36E71E687A4F00B11356 /* golf_4.jpeg in Resources */,
			);
			runOnlyForDeploymentPostprocessing = 0;
		};
/* End PBXResourcesBuildPhase section */

/* Begin PBXShellScriptBuildPhase section */
		6793290946A73B01C474622F /* [CP] Check Pods Manifest.lock */ = {
			isa = PBXShellScriptBuildPhase;
			buildActionMask = 2147483647;
			files = (
			);
			inputPaths = (
				"${PODS_PODFILE_DIR_PATH}/Podfile.lock",
				"${PODS_ROOT}/Manifest.lock",
			);
			name = "[CP] Check Pods Manifest.lock";
			outputPaths = (
				"$(DERIVED_FILE_DIR)/Pods-SquareMosaicLayout_Example-checkManifestLockResult.txt",
			);
			runOnlyForDeploymentPostprocessing = 0;
			shellPath = /bin/sh;
			shellScript = "diff \"${PODS_PODFILE_DIR_PATH}/Podfile.lock\" \"${PODS_ROOT}/Manifest.lock\" > /dev/null\nif [ $? != 0 ] ; then\n    # print error to STDERR\n    echo \"error: The sandbox is not in sync with the Podfile.lock. Run 'pod install' or update your CocoaPods installation.\" >&2\n    exit 1\nfi\n# This output is used by Xcode 'outputs' to avoid re-running this script phase.\necho \"SUCCESS\" > \"${SCRIPT_OUTPUT_FILE_0}\"\n";
			showEnvVarsInLog = 0;
		};
		DA304A5E2A85C8F84A6D7B80 /* [CP] Embed Pods Frameworks */ = {
			isa = PBXShellScriptBuildPhase;
			buildActionMask = 2147483647;
			files = (
			);
			inputPaths = (
				"${SRCROOT}/Pods/Target Support Files/Pods-SquareMosaicLayout_Example/Pods-SquareMosaicLayout_Example-frameworks.sh",
				"${BUILT_PRODUCTS_DIR}/SquareMosaicLayout/SquareMosaicLayout.framework",
			);
			name = "[CP] Embed Pods Frameworks";
			outputPaths = (
				"${TARGET_BUILD_DIR}/${FRAMEWORKS_FOLDER_PATH}/SquareMosaicLayout.framework",
			);
			runOnlyForDeploymentPostprocessing = 0;
			shellPath = /bin/sh;
			shellScript = "\"${SRCROOT}/Pods/Target Support Files/Pods-SquareMosaicLayout_Example/Pods-SquareMosaicLayout_Example-frameworks.sh\"\n";
			showEnvVarsInLog = 0;
		};
/* End PBXShellScriptBuildPhase section */

/* Begin PBXSourcesBuildPhase section */
		607FACCC1AFB9204008FA782 /* Sources */ = {
			isa = PBXSourcesBuildPhase;
			buildActionMask = 2147483647;
			files = (
				7AEC36CD1E686EF800B11356 /* UICollectionView+Extensions.swift in Sources */,
				607FACD81AFB9204008FA782 /* ViewController.swift in Sources */,
				7AEC36D31E68765400B11356 /* SupplementaryView.swift in Sources */,
				7A8322B01E84296400A5D6B8 /* FMMosaicLayoutController.swift in Sources */,
				607FACD61AFB9204008FA782 /* AppDelegate.swift in Sources */,
				7AEC36E91E687A5F00B11356 /* CellView.swift in Sources */,
				7A8322AD1E84234B00A5D6B8 /* TRMosaicLayoutController.swift in Sources */,
				7AB174731EEABDEF0000280F /* Hungcao.swift in Sources */,
				7AEC36D11E68716A00B11356 /* DecorationView.swift in Sources */,
				7A43DFAD1E19740B00ADA267 /* SquareMosaicLayoutPatterns.swift in Sources */,
			);
			runOnlyForDeploymentPostprocessing = 0;
		};
/* End PBXSourcesBuildPhase section */

/* Begin XCBuildConfiguration section */
		607FACED1AFB9204008FA782 /* Debug */ = {
			isa = XCBuildConfiguration;
			buildSettings = {
				ALWAYS_SEARCH_USER_PATHS = NO;
				CLANG_CXX_LANGUAGE_STANDARD = "gnu++0x";
				CLANG_CXX_LIBRARY = "libc++";
				CLANG_ENABLE_MODULES = YES;
				CLANG_ENABLE_OBJC_ARC = YES;
				CLANG_WARN_BLOCK_CAPTURE_AUTORELEASING = YES;
				CLANG_WARN_BOOL_CONVERSION = YES;
				CLANG_WARN_COMMA = YES;
				CLANG_WARN_CONSTANT_CONVERSION = YES;
				CLANG_WARN_DIRECT_OBJC_ISA_USAGE = YES_ERROR;
				CLANG_WARN_EMPTY_BODY = YES;
				CLANG_WARN_ENUM_CONVERSION = YES;
				CLANG_WARN_INFINITE_RECURSION = YES;
				CLANG_WARN_INT_CONVERSION = YES;
				CLANG_WARN_NON_LITERAL_NULL_CONVERSION = YES;
				CLANG_WARN_OBJC_LITERAL_CONVERSION = YES;
				CLANG_WARN_OBJC_ROOT_CLASS = YES_ERROR;
				CLANG_WARN_RANGE_LOOP_ANALYSIS = YES;
				CLANG_WARN_STRICT_PROTOTYPES = YES;
				CLANG_WARN_SUSPICIOUS_MOVE = YES;
				CLANG_WARN_UNREACHABLE_CODE = YES;
				CLANG_WARN__DUPLICATE_METHOD_MATCH = YES;
				"CODE_SIGN_IDENTITY[sdk=iphoneos*]" = "iPhone Developer";
				COPY_PHASE_STRIP = NO;
				DEBUG_INFORMATION_FORMAT = "dwarf-with-dsym";
				ENABLE_STRICT_OBJC_MSGSEND = YES;
				ENABLE_TESTABILITY = YES;
				GCC_C_LANGUAGE_STANDARD = gnu99;
				GCC_DYNAMIC_NO_PIC = NO;
				GCC_NO_COMMON_BLOCKS = YES;
				GCC_OPTIMIZATION_LEVEL = 0;
				GCC_PREPROCESSOR_DEFINITIONS = (
					"DEBUG=1",
					"$(inherited)",
				);
				GCC_SYMBOLS_PRIVATE_EXTERN = NO;
				GCC_WARN_64_TO_32_BIT_CONVERSION = YES;
				GCC_WARN_ABOUT_RETURN_TYPE = YES_ERROR;
				GCC_WARN_UNDECLARED_SELECTOR = YES;
				GCC_WARN_UNINITIALIZED_AUTOS = YES_AGGRESSIVE;
				GCC_WARN_UNUSED_FUNCTION = YES;
				GCC_WARN_UNUSED_VARIABLE = YES;
				IPHONEOS_DEPLOYMENT_TARGET = 9.0;
				MTL_ENABLE_DEBUG_INFO = YES;
				ONLY_ACTIVE_ARCH = YES;
				SDKROOT = iphoneos;
				SWIFT_OPTIMIZATION_LEVEL = "-Onone";
				SWIFT_SWIFT3_OBJC_INFERENCE = Off;
			};
			name = Debug;
		};
		607FACEE1AFB9204008FA782 /* Release */ = {
			isa = XCBuildConfiguration;
			buildSettings = {
				ALWAYS_SEARCH_USER_PATHS = NO;
				CLANG_CXX_LANGUAGE_STANDARD = "gnu++0x";
				CLANG_CXX_LIBRARY = "libc++";
				CLANG_ENABLE_MODULES = YES;
				CLANG_ENABLE_OBJC_ARC = YES;
				CLANG_WARN_BLOCK_CAPTURE_AUTORELEASING = YES;
				CLANG_WARN_BOOL_CONVERSION = YES;
				CLANG_WARN_COMMA = YES;
				CLANG_WARN_CONSTANT_CONVERSION = YES;
				CLANG_WARN_DIRECT_OBJC_ISA_USAGE = YES_ERROR;
				CLANG_WARN_EMPTY_BODY = YES;
				CLANG_WARN_ENUM_CONVERSION = YES;
				CLANG_WARN_INFINITE_RECURSION = YES;
				CLANG_WARN_INT_CONVERSION = YES;
				CLANG_WARN_NON_LITERAL_NULL_CONVERSION = YES;
				CLANG_WARN_OBJC_LITERAL_CONVERSION = YES;
				CLANG_WARN_OBJC_ROOT_CLASS = YES_ERROR;
				CLANG_WARN_RANGE_LOOP_ANALYSIS = YES;
				CLANG_WARN_STRICT_PROTOTYPES = YES;
				CLANG_WARN_SUSPICIOUS_MOVE = YES;
				CLANG_WARN_UNREACHABLE_CODE = YES;
				CLANG_WARN__DUPLICATE_METHOD_MATCH = YES;
				"CODE_SIGN_IDENTITY[sdk=iphoneos*]" = "iPhone Developer";
				COPY_PHASE_STRIP = NO;
				DEBUG_INFORMATION_FORMAT = "dwarf-with-dsym";
				ENABLE_NS_ASSERTIONS = NO;
				ENABLE_STRICT_OBJC_MSGSEND = YES;
				GCC_C_LANGUAGE_STANDARD = gnu99;
				GCC_NO_COMMON_BLOCKS = YES;
				GCC_WARN_64_TO_32_BIT_CONVERSION = YES;
				GCC_WARN_ABOUT_RETURN_TYPE = YES_ERROR;
				GCC_WARN_UNDECLARED_SELECTOR = YES;
				GCC_WARN_UNINITIALIZED_AUTOS = YES_AGGRESSIVE;
				GCC_WARN_UNUSED_FUNCTION = YES;
				GCC_WARN_UNUSED_VARIABLE = YES;
				IPHONEOS_DEPLOYMENT_TARGET = 9.0;
				MTL_ENABLE_DEBUG_INFO = NO;
				SDKROOT = iphoneos;
				SWIFT_OPTIMIZATION_LEVEL = "-Owholemodule";
				SWIFT_SWIFT3_OBJC_INFERENCE = Off;
				VALIDATE_PRODUCT = YES;
			};
			name = Release;
		};
		607FACF01AFB9204008FA782 /* Debug */ = {
			isa = XCBuildConfiguration;
			baseConfigurationReference = DE1CDE085D9E5FAFACDC86D6 /* Pods-SquareMosaicLayout_Example.debug.xcconfig */;
			buildSettings = {
				ALWAYS_EMBED_SWIFT_STANDARD_LIBRARIES = YES;
				DEVELOPMENT_TEAM = E9VNW4TD6Q;
				INFOPLIST_FILE = SquareMosaicLayout/Info.plist;
				IPHONEOS_DEPLOYMENT_TARGET = 9.0;
				LD_RUNPATH_SEARCH_PATHS = "$(inherited) @executable_path/Frameworks";
				MODULE_NAME = ExampleApp;
				PRODUCT_BUNDLE_IDENTIFIER = ru.sidmasters.vkpassword;
				PRODUCT_NAME = "$(TARGET_NAME)";
				SWIFT_SWIFT3_OBJC_INFERENCE = Off;
				SWIFT_VERSION = 4.0;
			};
			name = Debug;
		};
		607FACF11AFB9204008FA782 /* Release */ = {
			isa = XCBuildConfiguration;
			baseConfigurationReference = 9BD6C3045D8325B8D869529A /* Pods-SquareMosaicLayout_Example.release.xcconfig */;
			buildSettings = {
				ALWAYS_EMBED_SWIFT_STANDARD_LIBRARIES = YES;
				DEVELOPMENT_TEAM = E9VNW4TD6Q;
				INFOPLIST_FILE = SquareMosaicLayout/Info.plist;
				IPHONEOS_DEPLOYMENT_TARGET = 9.0;
				LD_RUNPATH_SEARCH_PATHS = "$(inherited) @executable_path/Frameworks";
				MODULE_NAME = ExampleApp;
				PRODUCT_BUNDLE_IDENTIFIER = ru.sidmasters.vkpassword;
				PRODUCT_NAME = "$(TARGET_NAME)";
				SWIFT_SWIFT3_OBJC_INFERENCE = Off;
				SWIFT_VERSION = 4.0;
			};
			name = Release;
		};
/* End XCBuildConfiguration section */

/* Begin XCConfigurationList section */
		607FACCB1AFB9204008FA782 /* Build configuration list for PBXProject "SquareMosaicLayout" */ = {
			isa = XCConfigurationList;
			buildConfigurations = (
				607FACED1AFB9204008FA782 /* Debug */,
				607FACEE1AFB9204008FA782 /* Release */,
			);
			defaultConfigurationIsVisible = 0;
			defaultConfigurationName = Release;
		};
		607FACEF1AFB9204008FA782 /* Build configuration list for PBXNativeTarget "SquareMosaicLayout_Example" */ = {
			isa = XCConfigurationList;
			buildConfigurations = (
				607FACF01AFB9204008FA782 /* Debug */,
				607FACF11AFB9204008FA782 /* Release */,
			);
			defaultConfigurationIsVisible = 0;
			defaultConfigurationName = Release;
		};
/* End XCConfigurationList section */
	};
	rootObject = 607FACC81AFB9204008FA782 /* Project object */;
}
