// !$*UTF8*$!
{
	archiveVersion = 1;
	classes = {
	};
	objectVersion = 50;
	objects = {

/* Begin PBXBuildFile section */
		7B75A81BBD90015979C0F3ED /* Pods_Example.framework in Frameworks */ = {isa = PBXBuildFile; fileRef = 58BB15D1574EF0645430760F /* Pods_Example.framework */; };
		CC48B0182157BE26008914EF /* Assets.xcassets in Resources */ = {isa = PBXBuildFile; fileRef = CC48B0172157BE26008914EF /* Assets.xcassets */; };
		CC48B01B2157BE26008914EF /* LaunchScreen.storyboard in Resources */ = {isa = PBXBuildFile; fileRef = CC48B0192157BE26008914EF /* LaunchScreen.storyboard */; };
		CC48B0262157BE26008914EF /* ExampleTests.swift in Sources */ = {isa = PBXBuildFile; fileRef = CC48B0252157BE26008914EF /* ExampleTests.swift */; };
		CC48B03D2157C645008914EF /* ViewController.swift in Sources */ = {isa = PBXBuildFile; fileRef = CC48B0332157C644008914EF /* ViewController.swift */; };
		CC48B03E2157C645008914EF /* Hungcao.swift in Sources */ = {isa = PBXBuildFile; fileRef = CC48B0342157C644008914EF /* Hungcao.swift */; };
		CC48B03F2157C645008914EF /* TRMosaicLayoutController.swift in Sources */ = {isa = PBXBuildFile; fileRef = CC48B0352157C644008914EF /* TRMosaicLayoutController.swift */; };
		CC48B0402157C645008914EF /* UICollectionView+Extensions.swift in Sources */ = {isa = PBXBuildFile; fileRef = CC48B0362157C644008914EF /* UICollectionView+Extensions.swift */; };
		CC48B0412157C645008914EF /* SupplementaryView.swift in Sources */ = {isa = PBXBuildFile; fileRef = CC48B0372157C644008914EF /* SupplementaryView.swift */; };
		CC48B0422157C645008914EF /* DecorationView.swift in Sources */ = {isa = PBXBuildFile; fileRef = CC48B0382157C644008914EF /* DecorationView.swift */; };
		CC48B0432157C645008914EF /* AppDelegate.swift in Sources */ = {isa = PBXBuildFile; fileRef = CC48B0392157C644008914EF /* AppDelegate.swift */; };
		CC48B0442157C645008914EF /* SquareMosaicLayoutPatterns.swift in Sources */ = {isa = PBXBuildFile; fileRef = CC48B03A2157C645008914EF /* SquareMosaicLayoutPatterns.swift */; };
		CC48B0452157C645008914EF /* FMMosaicLayoutController.swift in Sources */ = {isa = PBXBuildFile; fileRef = CC48B03B2157C645008914EF /* FMMosaicLayoutController.swift */; };
		CC48B0462157C645008914EF /* CellView.swift in Sources */ = {isa = PBXBuildFile; fileRef = CC48B03C2157C645008914EF /* CellView.swift */; };
		CC48B0572157C66E008914EF /* golf_1.jpeg in Resources */ = {isa = PBXBuildFile; fileRef = CC48B0472157C66D008914EF /* golf_1.jpeg */; };
		CC48B0582157C66E008914EF /* rsz_3.png in Resources */ = {isa = PBXBuildFile; fileRef = CC48B0482157C66D008914EF /* rsz_3.png */; };
		CC48B0592157C66E008914EF /* rsz_12.png in Resources */ = {isa = PBXBuildFile; fileRef = CC48B0492157C66D008914EF /* rsz_12.png */; };
		CC48B05A2157C66E008914EF /* golf_5.jpeg in Resources */ = {isa = PBXBuildFile; fileRef = CC48B04A2157C66D008914EF /* golf_5.jpeg */; };
		CC48B05B2157C66E008914EF /* scirocco_1.jpeg in Resources */ = {isa = PBXBuildFile; fileRef = CC48B04B2157C66D008914EF /* scirocco_1.jpeg */; };
		CC48B05C2157C66E008914EF /* scirocco_2.jpeg in Resources */ = {isa = PBXBuildFile; fileRef = CC48B04C2157C66D008914EF /* scirocco_2.jpeg */; };
		CC48B05D2157C66E008914EF /* scirocco_4.jpeg in Resources */ = {isa = PBXBuildFile; fileRef = CC48B04D2157C66D008914EF /* scirocco_4.jpeg */; };
		CC48B05E2157C66E008914EF /* scirocco_0.jpeg in Resources */ = {isa = PBXBuildFile; fileRef = CC48B04E2157C66D008914EF /* scirocco_0.jpeg */; };
		CC48B05F2157C66E008914EF /* golf_3.jpeg in Resources */ = {isa = PBXBuildFile; fileRef = CC48B04F2157C66D008914EF /* golf_3.jpeg */; };
		CC48B0602157C66E008914EF /* golf_2.jpeg in Resources */ = {isa = PBXBuildFile; fileRef = CC48B0502157C66D008914EF /* golf_2.jpeg */; };
		CC48B0612157C66E008914EF /* ezgif.com-optimize.gif in Resources */ = {isa = PBXBuildFile; fileRef = CC48B0512157C66D008914EF /* ezgif.com-optimize.gif */; };
		CC48B0622157C66E008914EF /* scirocco_3.jpeg in Resources */ = {isa = PBXBuildFile; fileRef = CC48B0522157C66D008914EF /* scirocco_3.jpeg */; };
		CC48B0632157C66E008914EF /* golf_0.jpeg in Resources */ = {isa = PBXBuildFile; fileRef = CC48B0532157C66D008914EF /* golf_0.jpeg */; };
		CC48B0642157C66E008914EF /* golf_4.jpeg in Resources */ = {isa = PBXBuildFile; fileRef = CC48B0542157C66D008914EF /* golf_4.jpeg */; };
		CC48B0652157C66E008914EF /* rsz_1.png in Resources */ = {isa = PBXBuildFile; fileRef = CC48B0552157C66E008914EF /* rsz_1.png */; };
		CC48B0662157C66E008914EF /* scirocco_5.jpeg in Resources */ = {isa = PBXBuildFile; fileRef = CC48B0562157C66E008914EF /* scirocco_5.jpeg */; };
/* End PBXBuildFile section */

/* Begin PBXContainerItemProxy section */
		CC48B0222157BE26008914EF /* PBXContainerItemProxy */ = {
			isa = PBXContainerItemProxy;
			containerPortal = CC48B0052157BE25008914EF /* Project object */;
			proxyType = 1;
			remoteGlobalIDString = CC48B00C2157BE25008914EF;
			remoteInfo = Example;
		};
/* End PBXContainerItemProxy section */

/* Begin PBXFileReference section */
		001796FBA59906AAA9BF822E /* Pods-Example.debug.xcconfig */ = {isa = PBXFileReference; includeInIndex = 1; lastKnownFileType = text.xcconfig; name = "Pods-Example.debug.xcconfig"; path = "Pods/Target Support Files/Pods-Example/Pods-Example.debug.xcconfig"; sourceTree = "<group>"; };
		2723E1CF58F7EBDFA039196B /* Pods-Example.release.xcconfig */ = {isa = PBXFileReference; includeInIndex = 1; lastKnownFileType = text.xcconfig; name = "Pods-Example.release.xcconfig"; path = "Pods/Target Support Files/Pods-Example/Pods-Example.release.xcconfig"; sourceTree = "<group>"; };
		58BB15D1574EF0645430760F /* Pods_Example.framework */ = {isa = PBXFileReference; explicitFileType = wrapper.framework; includeInIndex = 0; path = Pods_Example.framework; sourceTree = BUILT_PRODUCTS_DIR; };
		CC48B00D2157BE25008914EF /* Example.app */ = {isa = PBXFileReference; explicitFileType = wrapper.application; includeInIndex = 0; path = Example.app; sourceTree = BUILT_PRODUCTS_DIR; };
		CC48B0172157BE26008914EF /* Assets.xcassets */ = {isa = PBXFileReference; lastKnownFileType = folder.assetcatalog; path = Assets.xcassets; sourceTree = "<group>"; };
		CC48B01A2157BE26008914EF /* Base */ = {isa = PBXFileReference; lastKnownFileType = file.storyboard; name = Base; path = Base.lproj/LaunchScreen.storyboard; sourceTree = "<group>"; };
		CC48B01C2157BE26008914EF /* Info.plist */ = {isa = PBXFileReference; lastKnownFileType = text.plist.xml; path = Info.plist; sourceTree = "<group>"; };
		CC48B0212157BE26008914EF /* ExampleTests.xctest */ = {isa = PBXFileReference; explicitFileType = wrapper.cfbundle; includeInIndex = 0; path = ExampleTests.xctest; sourceTree = BUILT_PRODUCTS_DIR; };
		CC48B0252157BE26008914EF /* ExampleTests.swift */ = {isa = PBXFileReference; lastKnownFileType = sourcecode.swift; path = ExampleTests.swift; sourceTree = "<group>"; };
		CC48B0272157BE26008914EF /* Info.plist */ = {isa = PBXFileReference; lastKnownFileType = text.plist.xml; path = Info.plist; sourceTree = "<group>"; };
		CC48B0302157C066008914EF /* SquareMosaicLayout */ = {isa = PBXFileReference; lastKnownFileType = folder; name = SquareMosaicLayout; path = ..; sourceTree = "<group>"; };
		CC48B0332157C644008914EF /* ViewController.swift */ = {isa = PBXFileReference; fileEncoding = 4; lastKnownFileType = sourcecode.swift; path = ViewController.swift; sourceTree = "<group>"; };
		CC48B0342157C644008914EF /* Hungcao.swift */ = {isa = PBXFileReference; fileEncoding = 4; lastKnownFileType = sourcecode.swift; path = Hungcao.swift; sourceTree = "<group>"; };
		CC48B0352157C644008914EF /* TRMosaicLayoutController.swift */ = {isa = PBXFileReference; fileEncoding = 4; lastKnownFileType = sourcecode.swift; path = TRMosaicLayoutController.swift; sourceTree = "<group>"; };
		CC48B0362157C644008914EF /* UICollectionView+Extensions.swift */ = {isa = PBXFileReference; fileEncoding = 4; lastKnownFileType = sourcecode.swift; path = "UICollectionView+Extensions.swift"; sourceTree = "<group>"; };
		CC48B0372157C644008914EF /* SupplementaryView.swift */ = {isa = PBXFileReference; fileEncoding = 4; lastKnownFileType = sourcecode.swift; path = SupplementaryView.swift; sourceTree = "<group>"; };
		CC48B0382157C644008914EF /* DecorationView.swift */ = {isa = PBXFileReference; fileEncoding = 4; lastKnownFileType = sourcecode.swift; path = DecorationView.swift; sourceTree = "<group>"; };
		CC48B0392157C644008914EF /* AppDelegate.swift */ = {isa = PBXFileReference; fileEncoding = 4; lastKnownFileType = sourcecode.swift; path = AppDelegate.swift; sourceTree = "<group>"; };
		CC48B03A2157C645008914EF /* SquareMosaicLayoutPatterns.swift */ = {isa = PBXFileReference; fileEncoding = 4; lastKnownFileType = sourcecode.swift; path = SquareMosaicLayoutPatterns.swift; sourceTree = "<group>"; };
		CC48B03B2157C645008914EF /* FMMosaicLayoutController.swift */ = {isa = PBXFileReference; fileEncoding = 4; lastKnownFileType = sourcecode.swift; path = FMMosaicLayoutController.swift; sourceTree = "<group>"; };
		CC48B03C2157C645008914EF /* CellView.swift */ = {isa = PBXFileReference; fileEncoding = 4; lastKnownFileType = sourcecode.swift; path = CellView.swift; sourceTree = "<group>"; };
		CC48B0472157C66D008914EF /* golf_1.jpeg */ = {isa = PBXFileReference; lastKnownFileType = image.jpeg; name = golf_1.jpeg; path = "Новая папка/SquareMosaicLayout/golf_1.jpeg"; sourceTree = SOURCE_ROOT; };
		CC48B0482157C66D008914EF /* rsz_3.png */ = {isa = PBXFileReference; lastKnownFileType = image.png; name = rsz_3.png; path = "Новая папка/SquareMosaicLayout/rsz_3.png"; sourceTree = SOURCE_ROOT; };
		CC48B0492157C66D008914EF /* rsz_12.png */ = {isa = PBXFileReference; lastKnownFileType = image.png; name = rsz_12.png; path = "Новая папка/SquareMosaicLayout/rsz_12.png"; sourceTree = SOURCE_ROOT; };
		CC48B04A2157C66D008914EF /* golf_5.jpeg */ = {isa = PBXFileReference; lastKnownFileType = image.jpeg; name = golf_5.jpeg; path = "Новая папка/SquareMosaicLayout/golf_5.jpeg"; sourceTree = SOURCE_ROOT; };
		CC48B04B2157C66D008914EF /* scirocco_1.jpeg */ = {isa = PBXFileReference; lastKnownFileType = image.jpeg; name = scirocco_1.jpeg; path = "Новая папка/SquareMosaicLayout/scirocco_1.jpeg"; sourceTree = SOURCE_ROOT; };
		CC48B04C2157C66D008914EF /* scirocco_2.jpeg */ = {isa = PBXFileReference; lastKnownFileType = image.jpeg; name = scirocco_2.jpeg; path = "Новая папка/SquareMosaicLayout/scirocco_2.jpeg"; sourceTree = SOURCE_ROOT; };
		CC48B04D2157C66D008914EF /* scirocco_4.jpeg */ = {isa = PBXFileReference; lastKnownFileType = image.jpeg; name = scirocco_4.jpeg; path = "Новая папка/SquareMosaicLayout/scirocco_4.jpeg"; sourceTree = SOURCE_ROOT; };
		CC48B04E2157C66D008914EF /* scirocco_0.jpeg */ = {isa = PBXFileReference; lastKnownFileType = image.jpeg; name = scirocco_0.jpeg; path = "Новая папка/SquareMosaicLayout/scirocco_0.jpeg"; sourceTree = SOURCE_ROOT; };
		CC48B04F2157C66D008914EF /* golf_3.jpeg */ = {isa = PBXFileReference; lastKnownFileType = image.jpeg; name = golf_3.jpeg; path = "Новая папка/SquareMosaicLayout/golf_3.jpeg"; sourceTree = SOURCE_ROOT; };
		CC48B0502157C66D008914EF /* golf_2.jpeg */ = {isa = PBXFileReference; lastKnownFileType = image.jpeg; name = golf_2.jpeg; path = "Новая папка/SquareMosaicLayout/golf_2.jpeg"; sourceTree = SOURCE_ROOT; };
		CC48B0512157C66D008914EF /* ezgif.com-optimize.gif */ = {isa = PBXFileReference; lastKnownFileType = image.gif; name = "ezgif.com-optimize.gif"; path = "Новая папка/SquareMosaicLayout/ezgif.com-optimize.gif"; sourceTree = SOURCE_ROOT; };
		CC48B0522157C66D008914EF /* scirocco_3.jpeg */ = {isa = PBXFileReference; lastKnownFileType = image.jpeg; name = scirocco_3.jpeg; path = "Новая папка/SquareMosaicLayout/scirocco_3.jpeg"; sourceTree = SOURCE_ROOT; };
		CC48B0532157C66D008914EF /* golf_0.jpeg */ = {isa = PBXFileReference; lastKnownFileType = image.jpeg; name = golf_0.jpeg; path = "Новая папка/SquareMosaicLayout/golf_0.jpeg"; sourceTree = SOURCE_ROOT; };
		CC48B0542157C66D008914EF /* golf_4.jpeg */ = {isa = PBXFileReference; lastKnownFileType = image.jpeg; name = golf_4.jpeg; path = "Новая папка/SquareMosaicLayout/golf_4.jpeg"; sourceTree = SOURCE_ROOT; };
		CC48B0552157C66E008914EF /* rsz_1.png */ = {isa = PBXFileReference; lastKnownFileType = image.png; name = rsz_1.png; path = "Новая папка/SquareMosaicLayout/rsz_1.png"; sourceTree = SOURCE_ROOT; };
		CC48B0562157C66E008914EF /* scirocco_5.jpeg */ = {isa = PBXFileReference; lastKnownFileType = image.jpeg; name = scirocco_5.jpeg; path = "Новая папка/SquareMosaicLayout/scirocco_5.jpeg"; sourceTree = SOURCE_ROOT; };
/* End PBXFileReference section */

/* Begin PBXFrameworksBuildPhase section */
		CC48B00A2157BE25008914EF /* Frameworks */ = {
			isa = PBXFrameworksBuildPhase;
			buildActionMask = 2147483647;
			files = (
				7B75A81BBD90015979C0F3ED /* Pods_Example.framework in Frameworks */,
			);
			runOnlyForDeploymentPostprocessing = 0;
		};
		CC48B01E2157BE26008914EF /* Frameworks */ = {
			isa = PBXFrameworksBuildPhase;
			buildActionMask = 2147483647;
			files = (
			);
			runOnlyForDeploymentPostprocessing = 0;
		};
/* End PBXFrameworksBuildPhase section */

/* Begin PBXGroup section */
		AD9D3C7A850A6CBAF274A82D /* Frameworks */ = {
			isa = PBXGroup;
			children = (
				58BB15D1574EF0645430760F /* Pods_Example.framework */,
			);
			name = Frameworks;
			sourceTree = "<group>";
		};
		CC48B0042157BE25008914EF = {
			isa = PBXGroup;
			children = (
				CC48B0302157C066008914EF /* SquareMosaicLayout */,
				CC48B00F2157BE25008914EF /* Example */,
				CC48B0242157BE26008914EF /* ExampleTests */,
				CC48B00E2157BE25008914EF /* Products */,
				D74A1526C4351B086E739606 /* Pods */,
				AD9D3C7A850A6CBAF274A82D /* Frameworks */,
			);
			sourceTree = "<group>";
		};
		CC48B00E2157BE25008914EF /* Products */ = {
			isa = PBXGroup;
			children = (
				CC48B00D2157BE25008914EF /* Example.app */,
				CC48B0212157BE26008914EF /* ExampleTests.xctest */,
			);
			name = Products;
			sourceTree = "<group>";
		};
		CC48B00F2157BE25008914EF /* Example */ = {
			isa = PBXGroup;
			children = (
				CC48B0322157C619008914EF /* Classes */,
				CC48B0312157C59B008914EF /* Resources */,
			);
			path = Example;
			sourceTree = "<group>";
		};
		CC48B0242157BE26008914EF /* ExampleTests */ = {
			isa = PBXGroup;
			children = (
				CC48B0252157BE26008914EF /* ExampleTests.swift */,
				CC48B0272157BE26008914EF /* Info.plist */,
			);
			path = ExampleTests;
			sourceTree = "<group>";
		};
		CC48B0312157C59B008914EF /* Resources */ = {
			isa = PBXGroup;
			children = (
				CC48B0512157C66D008914EF /* ezgif.com-optimize.gif */,
				CC48B0532157C66D008914EF /* golf_0.jpeg */,
				CC48B0472157C66D008914EF /* golf_1.jpeg */,
				CC48B0502157C66D008914EF /* golf_2.jpeg */,
				CC48B04F2157C66D008914EF /* golf_3.jpeg */,
				CC48B0542157C66D008914EF /* golf_4.jpeg */,
				CC48B04A2157C66D008914EF /* golf_5.jpeg */,
				CC48B0552157C66E008914EF /* rsz_1.png */,
				CC48B0482157C66D008914EF /* rsz_3.png */,
				CC48B0492157C66D008914EF /* rsz_12.png */,
				CC48B04E2157C66D008914EF /* scirocco_0.jpeg */,
				CC48B04B2157C66D008914EF /* scirocco_1.jpeg */,
				CC48B04C2157C66D008914EF /* scirocco_2.jpeg */,
				CC48B0522157C66D008914EF /* scirocco_3.jpeg */,
				CC48B04D2157C66D008914EF /* scirocco_4.jpeg */,
				CC48B0562157C66E008914EF /* scirocco_5.jpeg */,
				CC48B0172157BE26008914EF /* Assets.xcassets */,
				CC48B0192157BE26008914EF /* LaunchScreen.storyboard */,
				CC48B01C2157BE26008914EF /* Info.plist */,
			);
			path = Resources;
			sourceTree = "<group>";
		};
		CC48B0322157C619008914EF /* Classes */ = {
			isa = PBXGroup;
			children = (
				CC48B0392157C644008914EF /* AppDelegate.swift */,
				CC48B03C2157C645008914EF /* CellView.swift */,
				CC48B0382157C644008914EF /* DecorationView.swift */,
				CC48B03B2157C645008914EF /* FMMosaicLayoutController.swift */,
				CC48B0342157C644008914EF /* Hungcao.swift */,
				CC48B03A2157C645008914EF /* SquareMosaicLayoutPatterns.swift */,
				CC48B0372157C644008914EF /* SupplementaryView.swift */,
				CC48B0352157C644008914EF /* TRMosaicLayoutController.swift */,
				CC48B0362157C644008914EF /* UICollectionView+Extensions.swift */,
				CC48B0332157C644008914EF /* ViewController.swift */,
			);
			path = Classes;
			sourceTree = "<group>";
		};
		D74A1526C4351B086E739606 /* Pods */ = {
			isa = PBXGroup;
			children = (
				001796FBA59906AAA9BF822E /* Pods-Example.debug.xcconfig */,
				2723E1CF58F7EBDFA039196B /* Pods-Example.release.xcconfig */,
			);
			name = Pods;
			sourceTree = "<group>";
		};
/* End PBXGroup section */

/* Begin PBXNativeTarget section */
		CC48B00C2157BE25008914EF /* Example */ = {
			isa = PBXNativeTarget;
			buildConfigurationList = CC48B02A2157BE26008914EF /* Build configuration list for PBXNativeTarget "Example" */;
			buildPhases = (
				E0BED5D3DB6A00A7E26DBF18 /* [CP] Check Pods Manifest.lock */,
				CC48B0092157BE25008914EF /* Sources */,
				CC48B00A2157BE25008914EF /* Frameworks */,
				CC48B00B2157BE25008914EF /* Resources */,
				E2F6DBDACC7563F197FCDF8D /* [CP] Embed Pods Frameworks */,
			);
			buildRules = (
			);
			dependencies = (
			);
			name = Example;
			productName = Example;
			productReference = CC48B00D2157BE25008914EF /* Example.app */;
			productType = "com.apple.product-type.application";
		};
		CC48B0202157BE26008914EF /* ExampleTests */ = {
			isa = PBXNativeTarget;
			buildConfigurationList = CC48B02D2157BE26008914EF /* Build configuration list for PBXNativeTarget "ExampleTests" */;
			buildPhases = (
				CC48B01D2157BE26008914EF /* Sources */,
				CC48B01E2157BE26008914EF /* Frameworks */,
				CC48B01F2157BE26008914EF /* Resources */,
			);
			buildRules = (
			);
			dependencies = (
				CC48B0232157BE26008914EF /* PBXTargetDependency */,
			);
			name = ExampleTests;
			productName = ExampleTests;
			productReference = CC48B0212157BE26008914EF /* ExampleTests.xctest */;
			productType = "com.apple.product-type.bundle.unit-test";
		};
/* End PBXNativeTarget section */

/* Begin PBXProject section */
		CC48B0052157BE25008914EF /* Project object */ = {
			isa = PBXProject;
			attributes = {
				LastSwiftUpdateCheck = 0940;
				LastUpgradeCheck = 0940;
				ORGANIZATIONNAME = SquareMosaicLayout;
				TargetAttributes = {
					CC48B00C2157BE25008914EF = {
						CreatedOnToolsVersion = 9.4.1;
					};
					CC48B0202157BE26008914EF = {
						CreatedOnToolsVersion = 9.4.1;
						TestTargetID = CC48B00C2157BE25008914EF;
					};
				};
			};
			buildConfigurationList = CC48B0082157BE25008914EF /* Build configuration list for PBXProject "Example" */;
			compatibilityVersion = "Xcode 9.3";
			developmentRegion = en;
			hasScannedForEncodings = 0;
			knownRegions = (
				en,
				Base,
			);
			mainGroup = CC48B0042157BE25008914EF;
			productRefGroup = CC48B00E2157BE25008914EF /* Products */;
			projectDirPath = "";
			projectRoot = "";
			targets = (
				CC48B00C2157BE25008914EF /* Example */,
				CC48B0202157BE26008914EF /* ExampleTests */,
			);
		};
/* End PBXProject section */

/* Begin PBXResourcesBuildPhase section */
		CC48B00B2157BE25008914EF /* Resources */ = {
			isa = PBXResourcesBuildPhase;
			buildActionMask = 2147483647;
			files = (
				CC48B0612157C66E008914EF /* ezgif.com-optimize.gif in Resources */,
				CC48B05F2157C66E008914EF /* golf_3.jpeg in Resources */,
				CC48B01B2157BE26008914EF /* LaunchScreen.storyboard in Resources */,
				CC48B05C2157C66E008914EF /* scirocco_2.jpeg in Resources */,
				CC48B05A2157C66E008914EF /* golf_5.jpeg in Resources */,
				CC48B0602157C66E008914EF /* golf_2.jpeg in Resources */,
				CC48B05D2157C66E008914EF /* scirocco_4.jpeg in Resources */,
				CC48B0632157C66E008914EF /* golf_0.jpeg in Resources */,
				CC48B0582157C66E008914EF /* rsz_3.png in Resources */,
				CC48B0572157C66E008914EF /* golf_1.jpeg in Resources */,
				CC48B0642157C66E008914EF /* golf_4.jpeg in Resources */,
				CC48B0182157BE26008914EF /* Assets.xcassets in Resources */,
				CC48B0662157C66E008914EF /* scirocco_5.jpeg in Resources */,
				CC48B0622157C66E008914EF /* scirocco_3.jpeg in Resources */,
				CC48B05B2157C66E008914EF /* scirocco_1.jpeg in Resources */,
				CC48B0592157C66E008914EF /* rsz_12.png in Resources */,
				CC48B05E2157C66E008914EF /* scirocco_0.jpeg in Resources */,
				CC48B0652157C66E008914EF /* rsz_1.png in Resources */,
			);
			runOnlyForDeploymentPostprocessing = 0;
		};
		CC48B01F2157BE26008914EF /* Resources */ = {
			isa = PBXResourcesBuildPhase;
			buildActionMask = 2147483647;
			files = (
			);
			runOnlyForDeploymentPostprocessing = 0;
		};
/* End PBXResourcesBuildPhase section */

/* Begin PBXShellScriptBuildPhase section */
		E0BED5D3DB6A00A7E26DBF18 /* [CP] Check Pods Manifest.lock */ = {
			isa = PBXShellScriptBuildPhase;
			buildActionMask = 2147483647;
			files = (
			);
			inputPaths = (
				"${PODS_PODFILE_DIR_PATH}/Podfile.lock",
				"${PODS_ROOT}/Manifest.lock",
			);
			name = "[CP] Check Pods Manifest.lock";
			outputPaths = (
				"$(DERIVED_FILE_DIR)/Pods-Example-checkManifestLockResult.txt",
			);
			runOnlyForDeploymentPostprocessing = 0;
			shellPath = /bin/sh;
			shellScript = "diff \"${PODS_PODFILE_DIR_PATH}/Podfile.lock\" \"${PODS_ROOT}/Manifest.lock\" > /dev/null\nif [ $? != 0 ] ; then\n    # print error to STDERR\n    echo \"error: The sandbox is not in sync with the Podfile.lock. Run 'pod install' or update your CocoaPods installation.\" >&2\n    exit 1\nfi\n# This output is used by Xcode 'outputs' to avoid re-running this script phase.\necho \"SUCCESS\" > \"${SCRIPT_OUTPUT_FILE_0}\"\n";
			showEnvVarsInLog = 0;
		};
		E2F6DBDACC7563F197FCDF8D /* [CP] Embed Pods Frameworks */ = {
			isa = PBXShellScriptBuildPhase;
			buildActionMask = 2147483647;
			files = (
			);
			inputPaths = (
				"${SRCROOT}/Pods/Target Support Files/Pods-Example/Pods-Example-frameworks.sh",
				"${BUILT_PRODUCTS_DIR}/SquareMosaicLayout/SquareMosaicLayout.framework",
			);
			name = "[CP] Embed Pods Frameworks";
			outputPaths = (
				"${TARGET_BUILD_DIR}/${FRAMEWORKS_FOLDER_PATH}/SquareMosaicLayout.framework",
			);
			runOnlyForDeploymentPostprocessing = 0;
			shellPath = /bin/sh;
			shellScript = "\"${SRCROOT}/Pods/Target Support Files/Pods-Example/Pods-Example-frameworks.sh\"\n";
			showEnvVarsInLog = 0;
		};
/* End PBXShellScriptBuildPhase section */

/* Begin PBXSourcesBuildPhase section */
		CC48B0092157BE25008914EF /* Sources */ = {
			isa = PBXSourcesBuildPhase;
			buildActionMask = 2147483647;
			files = (
				CC48B0462157C645008914EF /* CellView.swift in Sources */,
				CC48B0432157C645008914EF /* AppDelegate.swift in Sources */,
				CC48B0412157C645008914EF /* SupplementaryView.swift in Sources */,
				CC48B03E2157C645008914EF /* Hungcao.swift in Sources */,
				CC48B0442157C645008914EF /* SquareMosaicLayoutPatterns.swift in Sources */,
				CC48B03F2157C645008914EF /* TRMosaicLayoutController.swift in Sources */,
				CC48B0402157C645008914EF /* UICollectionView+Extensions.swift in Sources */,
				CC48B03D2157C645008914EF /* ViewController.swift in Sources */,
				CC48B0422157C645008914EF /* DecorationView.swift in Sources */,
				CC48B0452157C645008914EF /* FMMosaicLayoutController.swift in Sources */,
			);
			runOnlyForDeploymentPostprocessing = 0;
		};
		CC48B01D2157BE26008914EF /* Sources */ = {
			isa = PBXSourcesBuildPhase;
			buildActionMask = 2147483647;
			files = (
				CC48B0262157BE26008914EF /* ExampleTests.swift in Sources */,
			);
			runOnlyForDeploymentPostprocessing = 0;
		};
/* End PBXSourcesBuildPhase section */

/* Begin PBXTargetDependency section */
		CC48B0232157BE26008914EF /* PBXTargetDependency */ = {
			isa = PBXTargetDependency;
			target = CC48B00C2157BE25008914EF /* Example */;
			targetProxy = CC48B0222157BE26008914EF /* PBXContainerItemProxy */;
		};
/* End PBXTargetDependency section */

/* Begin PBXVariantGroup section */
		CC48B0192157BE26008914EF /* LaunchScreen.storyboard */ = {
			isa = PBXVariantGroup;
			children = (
				CC48B01A2157BE26008914EF /* Base */,
			);
			name = LaunchScreen.storyboard;
			sourceTree = "<group>";
		};
/* End PBXVariantGroup section */

/* Begin XCBuildConfiguration section */
		CC48B0282157BE26008914EF /* Debug */ = {
			isa = XCBuildConfiguration;
			buildSettings = {
				ALWAYS_SEARCH_USER_PATHS = NO;
				CLANG_ANALYZER_NONNULL = YES;
				CLANG_ANALYZER_NUMBER_OBJECT_CONVERSION = YES_AGGRESSIVE;
				CLANG_CXX_LANGUAGE_STANDARD = "gnu++14";
				CLANG_CXX_LIBRARY = "libc++";
				CLANG_ENABLE_MODULES = YES;
				CLANG_ENABLE_OBJC_ARC = YES;
				CLANG_ENABLE_OBJC_WEAK = YES;
				CLANG_WARN_BLOCK_CAPTURE_AUTORELEASING = YES;
				CLANG_WARN_BOOL_CONVERSION = YES;
				CLANG_WARN_COMMA = YES;
				CLANG_WARN_CONSTANT_CONVERSION = YES;
				CLANG_WARN_DEPRECATED_OBJC_IMPLEMENTATIONS = YES;
				CLANG_WARN_DIRECT_OBJC_ISA_USAGE = YES_ERROR;
				CLANG_WARN_DOCUMENTATION_COMMENTS = YES;
				CLANG_WARN_EMPTY_BODY = YES;
				CLANG_WARN_ENUM_CONVERSION = YES;
				CLANG_WARN_INFINITE_RECURSION = YES;
				CLANG_WARN_INT_CONVERSION = YES;
				CLANG_WARN_NON_LITERAL_NULL_CONVERSION = YES;
				CLANG_WARN_OBJC_IMPLICIT_RETAIN_SELF = YES;
				CLANG_WARN_OBJC_LITERAL_CONVERSION = YES;
				CLANG_WARN_OBJC_ROOT_CLASS = YES_ERROR;
				CLANG_WARN_RANGE_LOOP_ANALYSIS = YES;
				CLANG_WARN_STRICT_PROTOTYPES = YES;
				CLANG_WARN_SUSPICIOUS_MOVE = YES;
				CLANG_WARN_UNGUARDED_AVAILABILITY = YES_AGGRESSIVE;
				CLANG_WARN_UNREACHABLE_CODE = YES;
				CLANG_WARN__DUPLICATE_METHOD_MATCH = YES;
				CODE_SIGN_IDENTITY = "iPhone Developer";
				COPY_PHASE_STRIP = NO;
				DEBUG_INFORMATION_FORMAT = dwarf;
				ENABLE_STRICT_OBJC_MSGSEND = YES;
				ENABLE_TESTABILITY = YES;
				GCC_C_LANGUAGE_STANDARD = gnu11;
				GCC_DYNAMIC_NO_PIC = NO;
				GCC_NO_COMMON_BLOCKS = YES;
				GCC_OPTIMIZATION_LEVEL = 0;
				GCC_PREPROCESSOR_DEFINITIONS = (
					"DEBUG=1",
					"$(inherited)",
				);
				GCC_WARN_64_TO_32_BIT_CONVERSION = YES;
				GCC_WARN_ABOUT_RETURN_TYPE = YES_ERROR;
				GCC_WARN_UNDECLARED_SELECTOR = YES;
				GCC_WARN_UNINITIALIZED_AUTOS = YES_AGGRESSIVE;
				GCC_WARN_UNUSED_FUNCTION = YES;
				GCC_WARN_UNUSED_VARIABLE = YES;
				IPHONEOS_DEPLOYMENT_TARGET = 11.0;
				MTL_ENABLE_DEBUG_INFO = YES;
				ONLY_ACTIVE_ARCH = YES;
				SDKROOT = iphoneos;
				SWIFT_ACTIVE_COMPILATION_CONDITIONS = DEBUG;
				SWIFT_OPTIMIZATION_LEVEL = "-Onone";
			};
			name = Debug;
		};
		CC48B0292157BE26008914EF /* Release */ = {
			isa = XCBuildConfiguration;
			buildSettings = {
				ALWAYS_SEARCH_USER_PATHS = NO;
				CLANG_ANALYZER_NONNULL = YES;
				CLANG_ANALYZER_NUMBER_OBJECT_CONVERSION = YES_AGGRESSIVE;
				CLANG_CXX_LANGUAGE_STANDARD = "gnu++14";
				CLANG_CXX_LIBRARY = "libc++";
				CLANG_ENABLE_MODULES = YES;
				CLANG_ENABLE_OBJC_ARC = YES;
				CLANG_ENABLE_OBJC_WEAK = YES;
				CLANG_WARN_BLOCK_CAPTURE_AUTORELEASING = YES;
				CLANG_WARN_BOOL_CONVERSION = YES;
				CLANG_WARN_COMMA = YES;
				CLANG_WARN_CONSTANT_CONVERSION = YES;
				CLANG_WARN_DEPRECATED_OBJC_IMPLEMENTATIONS = YES;
				CLANG_WARN_DIRECT_OBJC_ISA_USAGE = YES_ERROR;
				CLANG_WARN_DOCUMENTATION_COMMENTS = YES;
				CLANG_WARN_EMPTY_BODY = YES;
				CLANG_WARN_ENUM_CONVERSION = YES;
				CLANG_WARN_INFINITE_RECURSION = YES;
				CLANG_WARN_INT_CONVERSION = YES;
				CLANG_WARN_NON_LITERAL_NULL_CONVERSION = YES;
				CLANG_WARN_OBJC_IMPLICIT_RETAIN_SELF = YES;
				CLANG_WARN_OBJC_LITERAL_CONVERSION = YES;
				CLANG_WARN_OBJC_ROOT_CLASS = YES_ERROR;
				CLANG_WARN_RANGE_LOOP_ANALYSIS = YES;
				CLANG_WARN_STRICT_PROTOTYPES = YES;
				CLANG_WARN_SUSPICIOUS_MOVE = YES;
				CLANG_WARN_UNGUARDED_AVAILABILITY = YES_AGGRESSIVE;
				CLANG_WARN_UNREACHABLE_CODE = YES;
				CLANG_WARN__DUPLICATE_METHOD_MATCH = YES;
				CODE_SIGN_IDENTITY = "iPhone Developer";
				COPY_PHASE_STRIP = NO;
				DEBUG_INFORMATION_FORMAT = "dwarf-with-dsym";
				ENABLE_NS_ASSERTIONS = NO;
				ENABLE_STRICT_OBJC_MSGSEND = YES;
				GCC_C_LANGUAGE_STANDARD = gnu11;
				GCC_NO_COMMON_BLOCKS = YES;
				GCC_WARN_64_TO_32_BIT_CONVERSION = YES;
				GCC_WARN_ABOUT_RETURN_TYPE = YES_ERROR;
				GCC_WARN_UNDECLARED_SELECTOR = YES;
				GCC_WARN_UNINITIALIZED_AUTOS = YES_AGGRESSIVE;
				GCC_WARN_UNUSED_FUNCTION = YES;
				GCC_WARN_UNUSED_VARIABLE = YES;
				IPHONEOS_DEPLOYMENT_TARGET = 11.0;
				MTL_ENABLE_DEBUG_INFO = NO;
				SDKROOT = iphoneos;
				SWIFT_COMPILATION_MODE = wholemodule;
				SWIFT_OPTIMIZATION_LEVEL = "-O";
				VALIDATE_PRODUCT = YES;
			};
			name = Release;
		};
		CC48B02B2157BE26008914EF /* Debug */ = {
			isa = XCBuildConfiguration;
			baseConfigurationReference = 001796FBA59906AAA9BF822E /* Pods-Example.debug.xcconfig */;
			buildSettings = {
				ASSETCATALOG_COMPILER_APPICON_NAME = AppIcon;
				CODE_SIGN_STYLE = Automatic;
				INFOPLIST_FILE = Example/Resources/Info.plist;
				LD_RUNPATH_SEARCH_PATHS = (
					"$(inherited)",
					"@executable_path/Frameworks",
				);
				PRODUCT_BUNDLE_IDENTIFIER = SquareMosaicLayout.Example;
				PRODUCT_NAME = "$(TARGET_NAME)";
				SWIFT_VERSION = 4.0;
				TARGETED_DEVICE_FAMILY = 1;
			};
			name = Debug;
		};
		CC48B02C2157BE26008914EF /* Release */ = {
			isa = XCBuildConfiguration;
			baseConfigurationReference = 2723E1CF58F7EBDFA039196B /* Pods-Example.release.xcconfig */;
			buildSettings = {
				ASSETCATALOG_COMPILER_APPICON_NAME = AppIcon;
				CODE_SIGN_STYLE = Automatic;
				INFOPLIST_FILE = Example/Resources/Info.plist;
				LD_RUNPATH_SEARCH_PATHS = (
					"$(inherited)",
					"@executable_path/Frameworks",
				);
				PRODUCT_BUNDLE_IDENTIFIER = SquareMosaicLayout.Example;
				PRODUCT_NAME = "$(TARGET_NAME)";
				SWIFT_VERSION = 4.0;
				TARGETED_DEVICE_FAMILY = 1;
			};
			name = Release;
		};
		CC48B02E2157BE26008914EF /* Debug */ = {
			isa = XCBuildConfiguration;
			buildSettings = {
				ALWAYS_EMBED_SWIFT_STANDARD_LIBRARIES = YES;
				BUNDLE_LOADER = "$(TEST_HOST)";
				CODE_SIGN_STYLE = Automatic;
				INFOPLIST_FILE = ExampleTests/Info.plist;
				LD_RUNPATH_SEARCH_PATHS = (
					"$(inherited)",
					"@executable_path/Frameworks",
					"@loader_path/Frameworks",
				);
				PRODUCT_BUNDLE_IDENTIFIER = SquareMosaicLayout.ExampleTests;
				PRODUCT_NAME = "$(TARGET_NAME)";
				SWIFT_VERSION = 4.0;
				TARGETED_DEVICE_FAMILY = "1,2";
				TEST_HOST = "$(BUILT_PRODUCTS_DIR)/Example.app/Example";
			};
			name = Debug;
		};
		CC48B02F2157BE26008914EF /* Release */ = {
			isa = XCBuildConfiguration;
			buildSettings = {
				ALWAYS_EMBED_SWIFT_STANDARD_LIBRARIES = YES;
				BUNDLE_LOADER = "$(TEST_HOST)";
				CODE_SIGN_STYLE = Automatic;
				INFOPLIST_FILE = ExampleTests/Info.plist;
				LD_RUNPATH_SEARCH_PATHS = (
					"$(inherited)",
					"@executable_path/Frameworks",
					"@loader_path/Frameworks",
				);
				PRODUCT_BUNDLE_IDENTIFIER = SquareMosaicLayout.ExampleTests;
				PRODUCT_NAME = "$(TARGET_NAME)";
				SWIFT_VERSION = 4.0;
				TARGETED_DEVICE_FAMILY = "1,2";
				TEST_HOST = "$(BUILT_PRODUCTS_DIR)/Example.app/Example";
			};
			name = Release;
		};
/* End XCBuildConfiguration section */

/* Begin XCConfigurationList section */
		CC48B0082157BE25008914EF /* Build configuration list for PBXProject "Example" */ = {
			isa = XCConfigurationList;
			buildConfigurations = (
				CC48B0282157BE26008914EF /* Debug */,
				CC48B0292157BE26008914EF /* Release */,
			);
			defaultConfigurationIsVisible = 0;
			defaultConfigurationName = Release;
		};
		CC48B02A2157BE26008914EF /* Build configuration list for PBXNativeTarget "Example" */ = {
			isa = XCConfigurationList;
			buildConfigurations = (
				CC48B02B2157BE26008914EF /* Debug */,
				CC48B02C2157BE26008914EF /* Release */,
			);
			defaultConfigurationIsVisible = 0;
			defaultConfigurationName = Release;
		};
		CC48B02D2157BE26008914EF /* Build configuration list for PBXNativeTarget "ExampleTests" */ = {
			isa = XCConfigurationList;
			buildConfigurations = (
				CC48B02E2157BE26008914EF /* Debug */,
				CC48B02F2157BE26008914EF /* Release */,
			);
			defaultConfigurationIsVisible = 0;
			defaultConfigurationName = Release;
		};
/* End XCConfigurationList section */
	};
	rootObject = CC48B0052157BE25008914EF /* Project object */;
}
